
Microsoft Visual Studio Solution File, Format Version 12.00
# Visual Studio 15
VisualStudioVersion = 15.0.28307.136
MinimumVisualStudioVersion = 10.0.40219.1
Project("{9A19103F-16F7-4668-BE54-9A1E7A4F7556}") = "Forum", "Forum\Forum.csproj", "{51ACE1F6-FF29-445A-8077-B4395A176FA1}"
EndProject
Project("{9A19103F-16F7-4668-BE54-9A1E7A4F7556}") = "Data", "Data\Data.csproj", "{E6AF9443-C25B-47F0-9F7E-A05B20C025BC}"
EndProject
Project("{FAE04EC0-301F-11D3-BF4B-00C04F79EFBC}") = "Service", "Service\Service.csproj", "{AD84DCBB-4E38-4B96-921C-E2BA8D0A293C}"
EndProject
Global
	GlobalSection(SolutionConfigurationPlatforms) = preSolution
		Debug|Any CPU = Debug|Any CPU
		Release|Any CPU = Release|Any CPU
	EndGlobalSection
	GlobalSection(ProjectConfigurationPlatforms) = postSolution
		{51ACE1F6-FF29-445A-8077-B4395A176FA1}.Debug|Any CPU.ActiveCfg = Debug|Any CPU
		{51ACE1F6-FF29-445A-8077-B4395A176FA1}.Debug|Any CPU.Build.0 = Debug|Any CPU
		{51ACE1F6-FF29-445A-8077-B4395A176FA1}.Release|Any CPU.ActiveCfg = Release|Any CPU
		{51ACE1F6-FF29-445A-8077-B4395A176FA1}.Release|Any CPU.Build.0 = Release|Any CPU
		{E6AF9443-C25B-47F0-9F7E-A05B20C025BC}.Debug|Any CPU.ActiveCfg = Debug|Any CPU
		{E6AF9443-C25B-47F0-9F7E-A05B20C025BC}.Debug|Any CPU.Build.0 = Debug|Any CPU
		{E6AF9443-C25B-47F0-9F7E-A05B20C025BC}.Release|Any CPU.ActiveCfg = Release|Any CPU
		{E6AF9443-C25B-47F0-9F7E-A05B20C025BC}.Release|Any CPU.Build.0 = Release|Any CPU
		{AD84DCBB-4E38-4B96-921C-E2BA8D0A293C}.Debug|Any CPU.ActiveCfg = Debug|Any CPU
		{AD84DCBB-4E38-4B96-921C-E2BA8D0A293C}.Debug|Any CPU.Build.0 = Debug|Any CPU
		{AD84DCBB-4E38-4B96-921C-E2BA8D0A293C}.Release|Any CPU.ActiveCfg = Release|Any CPU
		{AD84DCBB-4E38-4B96-921C-E2BA8D0A293C}.Release|Any CPU.Build.0 = Release|Any CPU
	EndGlobalSection
	GlobalSection(SolutionProperties) = preSolution
		HideSolutionNode = FALSE
	EndGlobalSection
	GlobalSection(ExtensibilityGlobals) = postSolution
		SolutionGuid = {2D2DC7A5-1D03-4BD8-80DC-3FD3FE29186A}
	EndGlobalSection
EndGlobal
